
Microsoft Visual Studio Solution File, Format Version 12.00
# Visual Studio Version 16
VisualStudioVersion = 16.0.29509.3
MinimumVisualStudioVersion = 10.0.40219.1
Project("{FAE04EC0-301F-11D3-BF4B-00C04F79EFBC}") = "EduFocus", "EduFocus\EduFocus.csproj", "{7C41C4EA-245A-476E-9D3F-AA4AD7C1EC87}"
EndProject
Global
	GlobalSection(SolutionConfigurationPlatforms) = preSolution
		Debug|Any CPU = Debug|Any CPU
		Release|Any CPU = Release|Any CPU
	EndGlobalSection
	GlobalSection(ProjectConfigurationPlatforms) = postSolution
		{7C41C4EA-245A-476E-9D3F-AA4AD7C1EC87}.Debug|Any CPU.ActiveCfg = Debug|Any CPU
		{7C41C4EA-245A-476E-9D3F-AA4AD7C1EC87}.Debug|Any CPU.Build.0 = Debug|Any CPU
		{7C41C4EA-245A-476E-9D3F-AA4AD7C1EC87}.Release|Any CPU.ActiveCfg = Release|Any CPU
		{7C41C4EA-245A-476E-9D3F-AA4AD7C1EC87}.Release|Any CPU.Build.0 = Release|Any CPU
	EndGlobalSection
	GlobalSection(SolutionProperties) = preSolution
		HideSolutionNode = FALSE
	EndGlobalSection
	GlobalSection(ExtensibilityGlobals) = postSolution
		SolutionGuid = {E4EF2A50-113B-4BD0-96C5-2147D0C78A61}
	EndGlobalSection
EndGlobal
